// !$*UTF8*$!
{
	archiveVersion = 1;
	classes = {
	};
	objectVersion = 77;
	objects = {

/* Begin PBXContainerItemProxy section */
		0EA83D832EC2EC5B00672A31 /* PBXContainerItemProxy */ = {
			isa = PBXContainerItemProxy;
			containerPortal = 0EA83D6A2EC2EC5A00672A31 /* Project object */;
			proxyType = 1;
			remoteGlobalIDString = 0EA83D712EC2EC5A00672A31;
			remoteInfo = StudentsToDo;
		};
		0EA83D8D2EC2EC5B00672A31 /* PBXContainerItemProxy */ = {
			isa = PBXContainerItemProxy;
			containerPortal = 0EA83D6A2EC2EC5A00672A31 /* Project object */;
			proxyType = 1;
			remoteGlobalIDString = 0EA83D712EC2EC5A00672A31;
			remoteInfo = StudentsToDo;
		};
/* End PBXContainerItemProxy section */

/* Begin PBXFileReference section */
		0EA83D722EC2EC5A00672A31 /* StudentsToDo.app */ = {isa = PBXFileReference; explicitFileType = wrapper.application; includeInIndex = 0; path = StudentsToDo.app; sourceTree = BUILT_PRODUCTS_DIR; };
		0EA83D822EC2EC5B00672A31 /* StudentsToDoTests.xctest */ = {isa = PBXFileReference; explicitFileType = wrapper.cfbundle; includeInIndex = 0; path = StudentsToDoTests.xctest; sourceTree = BUILT_PRODUCTS_DIR; };
		0EA83D8C2EC2EC5B00672A31 /* StudentsToDoUITests.xctest */ = {isa = PBXFileReference; explicitFileType = wrapper.cfbundle; includeInIndex = 0; path = StudentsToDoUITests.xctest; sourceTree = BUILT_PRODUCTS_DIR; };
/* End PBXFileReference section */

/* Begin PBXFileSystemSynchronizedRootGroup section */
		0EA83D742EC2EC5A00672A31 /* StudentsToDo */ = {
			isa = PBXFileSystemSynchronizedRootGroup;
			path = StudentsToDo;
			sourceTree = "<group>";
		};
		0EA83D852EC2EC5B00672A31 /* StudentsToDoTests */ = {
			isa = PBXFileSystemSynchronizedRootGroup;
			path = StudentsToDoTests;
			sourceTree = "<group>";
		};
		0EA83D8F2EC2EC5B00672A31 /* StudentsToDoUITests */ = {
			isa = PBXFileSystemSynchronizedRootGroup;
			path = StudentsToDoUITests;
			sourceTree = "<group>";
		};
/* End PBXFileSystemSynchronizedRootGroup section */

/* Begin PBXFrameworksBuildPhase section */
		0EA83D6F2EC2EC5A00672A31 /* Frameworks */ = {
			isa = PBXFrameworksBuildPhase;
			buildActionMask = 2147483647;
			files = (
			);
			runOnlyForDeploymentPostprocessing = 0;
		};
		0EA83D7F2EC2EC5B00672A31 /* Frameworks */ = {
			isa = PBXFrameworksBuildPhase;
			buildActionMask = 2147483647;
			files = (
			);
			runOnlyForDeploymentPostprocessing = 0;
		};
		0EA83D892EC2EC5B00672A31 /* Frameworks */ = {
			isa = PBXFrameworksBuildPhase;
			buildActionMask = 2147483647;
			files = (
			);
			runOnlyForDeploymentPostprocessing = 0;
		};
/* End PBXFrameworksBuildPhase section */

/* Begin PBXGroup section */
		0EA83D692EC2EC5A00672A31 = {
			isa = PBXGroup;
			children = (
				0EA83D742EC2EC5A00672A31 /* StudentsToDo */,
				0EA83D852EC2EC5B00672A31 /* StudentsToDoTests */,
				0EA83D8F2EC2EC5B00672A31 /* StudentsToDoUITests */,
				0EA83D732EC2EC5A00672A31 /* Products */,
			);
			sourceTree = "<group>";
		};
		0EA83D732EC2EC5A00672A31 /* Products */ = {
			isa = PBXGroup;
			children = (
				0EA83D722EC2EC5A00672A31 /* StudentsToDo.app */,
				0EA83D822EC2EC5B00672A31 /* StudentsToDoTests.xctest */,
				0EA83D8C2EC2EC5B00672A31 /* StudentsToDoUITests.xctest */,
			);
			name = Products;
			sourceTree = "<group>";
		};
/* End PBXGroup section */

/* Begin PBXNativeTarget section */
		0EA83D712EC2EC5A00672A31 /* StudentsToDo */ = {
			isa = PBXNativeTarget;
			buildConfigurationList = 0EA83D962EC2EC5B00672A31 /* Build configuration list for PBXNativeTarget "StudentsToDo" */;
			buildPhases = (
				0EA83D6E2EC2EC5A00672A31 /* Sources */,
				0EA83D6F2EC2EC5A00672A31 /* Frameworks */,
				0EA83D702EC2EC5A00672A31 /* Resources */,
			);
			buildRules = (
			);
			dependencies = (
			);
			fileSystemSynchronizedGroups = (
				0EA83D742EC2EC5A00672A31 /* StudentsToDo */,
			);
			name = StudentsToDo;
			packageProductDependencies = (
			);
			productName = StudentsToDo;
			productReference = 0EA83D722EC2EC5A00672A31 /* StudentsToDo.app */;
			productType = "com.apple.product-type.application";
		};
		0EA83D812EC2EC5B00672A31 /* StudentsToDoTests */ = {
			isa = PBXNativeTarget;
			buildConfigurationList = 0EA83D992EC2EC5B00672A31 /* Build configuration list for PBXNativeTarget "StudentsToDoTests" */;
			buildPhases = (
				0EA83D7E2EC2EC5B00672A31 /* Sources */,
				0EA83D7F2EC2EC5B00672A31 /* Frameworks */,
				0EA83D802EC2EC5B00672A31 /* Resources */,
			);
			buildRules = (
			);
			dependencies = (
				0EA83D842EC2EC5B00672A31 /* PBXTargetDependency */,
			);
			fileSystemSynchronizedGroups = (
				0EA83D852EC2EC5B00672A31 /* StudentsToDoTests */,
			);
			name = StudentsToDoTests;
			packageProductDependencies = (
			);
			productName = StudentsToDoTests;
			productReference = 0EA83D822EC2EC5B00672A31 /* StudentsToDoTests.xctest */;
			productType = "com.apple.product-type.bundle.unit-test";
		};
		0EA83D8B2EC2EC5B00672A31 /* StudentsToDoUITests */ = {
			isa = PBXNativeTarget;
			buildConfigurationList = 0EA83D9C2EC2EC5B00672A31 /* Build configuration list for PBXNativeTarget "StudentsToDoUITests" */;
			buildPhases = (
				0EA83D882EC2EC5B00672A31 /* Sources */,
				0EA83D892EC2EC5B00672A31 /* Frameworks */,
				0EA83D8A2EC2EC5B00672A31 /* Resources */,
			);
			buildRules = (
			);
			dependencies = (
				0EA83D8E2EC2EC5B00672A31 /* PBXTargetDependency */,
			);
			fileSystemSynchronizedGroups = (
				0EA83D8F2EC2EC5B00672A31 /* StudentsToDoUITests */,
			);
			name = StudentsToDoUITests;
			packageProductDependencies = (
			);
			productName = StudentsToDoUITests;
			productReference = 0EA83D8C2EC2EC5B00672A31 /* StudentsToDoUITests.xctest */;
			productType = "com.apple.product-type.bundle.ui-testing";
		};
/* End PBXNativeTarget section */

/* Begin PBXProject section */
		0EA83D6A2EC2EC5A00672A31 /* Project object */ = {
			isa = PBXProject;
			attributes = {
				BuildIndependentTargetsInParallel = 1;
				LastSwiftUpdateCheck = 1620;
				LastUpgradeCheck = 1620;
				TargetAttributes = {
					0EA83D712EC2EC5A00672A31 = {
						CreatedOnToolsVersion = 16.2;
					};
					0EA83D812EC2EC5B00672A31 = {
						CreatedOnToolsVersion = 16.2;
						TestTargetID = 0EA83D712EC2EC5A00672A31;
					};
					0EA83D8B2EC2EC5B00672A31 = {
						CreatedOnToolsVersion = 16.2;
						TestTargetID = 0EA83D712EC2EC5A00672A31;
					};
				};
			};
			buildConfigurationList = 0EA83D6D2EC2EC5A00672A31 /* Build configuration list for PBXProject "StudentsToDo" */;
			developmentRegion = en;
			hasScannedForEncodings = 0;
			knownRegions = (
				en,
				Base,
				es,
				fr,
			);
			mainGroup = 0EA83D692EC2EC5A00672A31;
			minimizedProjectReferenceProxies = 1;
			preferredProjectObjectVersion = 77;
			productRefGroup = 0EA83D732EC2EC5A00672A31 /* Products */;
			projectDirPath = "";
			projectRoot = "";
			targets = (
				0EA83D712EC2EC5A00672A31 /* StudentsToDo */,
				0EA83D812EC2EC5B00672A31 /* StudentsToDoTests */,
				0EA83D8B2EC2EC5B00672A31 /* StudentsToDoUITests */,
			);
		};
/* End PBXProject section */

/* Begin PBXResourcesBuildPhase section */
		0EA83D702EC2EC5A00672A31 /* Resources */ = {
			isa = PBXResourcesBuildPhase;
			buildActionMask = 2147483647;
			files = (
			);
			runOnlyForDeploymentPostprocessing = 0;
		};
		0EA83D802EC2EC5B00672A31 /* Resources */ = {
			isa = PBXResourcesBuildPhase;
			buildActionMask = 2147483647;
			files = (
			);
			runOnlyForDeploymentPostprocessing = 0;
		};
		0EA83D8A2EC2EC5B00672A31 /* Resources */ = {
			isa = PBXResourcesBuildPhase;
			buildActionMask = 2147483647;
			files = (
			);
			runOnlyForDeploymentPostprocessing = 0;
		};
/* End PBXResourcesBuildPhase section */

/* Begin PBXSourcesBuildPhase section */
		0EA83D6E2EC2EC5A00672A31 /* Sources */ = {
			isa = PBXSourcesBuildPhase;
			buildActionMask = 2147483647;
			files = (
			);
			runOnlyForDeploymentPostprocessing = 0;
		};
		0EA83D7E2EC2EC5B00672A31 /* Sources */ = {
			isa = PBXSourcesBuildPhase;
			buildActionMask = 2147483647;
			files = (
			);
			runOnlyForDeploymentPostprocessing = 0;
		};
		0EA83D882EC2EC5B00672A31 /* Sources */ = {
			isa = PBXSourcesBuildPhase;
			buildActionMask = 2147483647;
			files = (
			);
			runOnlyForDeploymentPostprocessing = 0;
		};
/* End PBXSourcesBuildPhase section */

/* Begin PBXTargetDependency section */
		0EA83D842EC2EC5B00672A31 /* PBXTargetDependency */ = {
			isa = PBXTargetDependency;
			target = 0EA83D712EC2EC5A00672A31 /* StudentsToDo */;
			targetProxy = 0EA83D832EC2EC5B00672A31 /* PBXContainerItemProxy */;
		};
		0EA83D8E2EC2EC5B00672A31 /* PBXTargetDependency */ = {
			isa = PBXTargetDependency;
			target = 0EA83D712EC2EC5A00672A31 /* StudentsToDo */;
			targetProxy = 0EA83D8D2EC2EC5B00672A31 /* PBXContainerItemProxy */;
		};
/* End PBXTargetDependency section */

/* Begin XCBuildConfiguration section */
		0EA83D942EC2EC5B00672A31 /* Debug */ = {
			isa = XCBuildConfiguration;
			buildSettings = {
				ALWAYS_SEARCH_USER_PATHS = NO;
				ASSETCATALOG_COMPILER_GENERATE_SWIFT_ASSET_SYMBOL_EXTENSIONS = YES;
				CLANG_ANALYZER_NONNULL = YES;
				CLANG_ANALYZER_NUMBER_OBJECT_CONVERSION = YES_AGGRESSIVE;
				CLANG_CXX_LANGUAGE_STANDARD = "gnu++20";
				CLANG_ENABLE_MODULES = YES;
				CLANG_ENABLE_OBJC_ARC = YES;
				CLANG_ENABLE_OBJC_WEAK = YES;
				CLANG_WARN_BLOCK_CAPTURE_AUTORELEASING = YES;
				CLANG_WARN_BOOL_CONVERSION = YES;
				CLANG_WARN_COMMA = YES;
				CLANG_WARN_CONSTANT_CONVERSION = YES;
				CLANG_WARN_DEPRECATED_OBJC_IMPLEMENTATIONS = YES;
				CLANG_WARN_DIRECT_OBJC_ISA_USAGE = YES_ERROR;
				CLANG_WARN_DOCUMENTATION_COMMENTS = YES;
				CLANG_WARN_EMPTY_BODY = YES;
				CLANG_WARN_ENUM_CONVERSION = YES;
				CLANG_WARN_INFINITE_RECURSION = YES;
				CLANG_WARN_INT_CONVERSION = YES;
				CLANG_WARN_NON_LITERAL_NULL_CONVERSION = YES;
				CLANG_WARN_OBJC_IMPLICIT_RETAIN_SELF = YES;
				CLANG_WARN_OBJC_LITERAL_CONVERSION = YES;
				CLANG_WARN_OBJC_ROOT_CLASS = YES_ERROR;
				CLANG_WARN_QUOTED_INCLUDE_IN_FRAMEWORK_HEADER = YES;
				CLANG_WARN_RANGE_LOOP_ANALYSIS = YES;
				CLANG_WARN_STRICT_PROTOTYPES = YES;
				CLANG_WARN_SUSPICIOUS_MOVE = YES;
				CLANG_WARN_UNGUARDED_AVAILABILITY = YES_AGGRESSIVE;
				CLANG_WARN_UNREACHABLE_CODE = YES;
				CLANG_WARN__DUPLICATE_METHOD_MATCH = YES;
				COPY_PHASE_STRIP = NO;
				DEBUG_INFORMATION_FORMAT = dwarf;
				ENABLE_STRICT_OBJC_MSGSEND = YES;
				ENABLE_TESTABILITY = YES;
				ENABLE_USER_SCRIPT_SANDBOXING = YES;
				GCC_C_LANGUAGE_STANDARD = gnu17;
				GCC_DYNAMIC_NO_PIC = NO;
				GCC_NO_COMMON_BLOCKS = YES;
				GCC_OPTIMIZATION_LEVEL = 0;
				GCC_PREPROCESSOR_DEFINITIONS = (
					"DEBUG=1",
					"$(inherited)",
				);
				GCC_WARN_64_TO_32_BIT_CONVERSION = YES;
				GCC_WARN_ABOUT_RETURN_TYPE = YES_ERROR;
				GCC_WARN_UNDECLARED_SELECTOR = YES;
				GCC_WARN_UNINITIALIZED_AUTOS = YES_AGGRESSIVE;
				GCC_WARN_UNUSED_FUNCTION = YES;
				GCC_WARN_UNUSED_VARIABLE = YES;
				IPHONEOS_DEPLOYMENT_TARGET = 18.2;
				LOCALIZATION_PREFERS_STRING_CATALOGS = YES;
				MTL_ENABLE_DEBUG_INFO = INCLUDE_SOURCE;
				MTL_FAST_MATH = YES;
				ONLY_ACTIVE_ARCH = YES;
				SDKROOT = iphoneos;
				SWIFT_ACTIVE_COMPILATION_CONDITIONS = "DEBUG $(inherited)";
				SWIFT_EMIT_LOC_STRINGS = YES;
				SWIFT_OPTIMIZATION_LEVEL = "-Onone";
			};
			name = Debug;
		};
		0EA83D952EC2EC5B00672A31 /* Release */ = {
			isa = XCBuildConfiguration;
			buildSettings = {
				ALWAYS_SEARCH_USER_PATHS = NO;
				ASSETCATALOG_COMPILER_GENERATE_SWIFT_ASSET_SYMBOL_EXTENSIONS = YES;
				CLANG_ANALYZER_NONNULL = YES;
				CLANG_ANALYZER_NUMBER_OBJECT_CONVERSION = YES_AGGRESSIVE;
				CLANG_CXX_LANGUAGE_STANDARD = "gnu++20";
				CLANG_ENABLE_MODULES = YES;
				CLANG_ENABLE_OBJC_ARC = YES;
				CLANG_ENABLE_OBJC_WEAK = YES;
				CLANG_WARN_BLOCK_CAPTURE_AUTORELEASING = YES;
				CLANG_WARN_BOOL_CONVERSION = YES;
				CLANG_WARN_COMMA = YES;
				CLANG_WARN_CONSTANT_CONVERSION = YES;
				CLANG_WARN_DEPRECATED_OBJC_IMPLEMENTATIONS = YES;
				CLANG_WARN_DIRECT_OBJC_ISA_USAGE = YES_ERROR;
				CLANG_WARN_DOCUMENTATION_COMMENTS = YES;
				CLANG_WARN_EMPTY_BODY = YES;
				CLANG_WARN_ENUM_CONVERSION = YES;
				CLANG_WARN_INFINITE_RECURSION = YES;
				CLANG_WARN_INT_CONVERSION = YES;
				CLANG_WARN_NON_LITERAL_NULL_CONVERSION = YES;
				CLANG_WARN_OBJC_IMPLICIT_RETAIN_SELF = YES;
				CLANG_WARN_OBJC_LITERAL_CONVERSION = YES;
				CLANG_WARN_OBJC_ROOT_CLASS = YES_ERROR;
				CLANG_WARN_QUOTED_INCLUDE_IN_FRAMEWORK_HEADER = YES;
				CLANG_WARN_RANGE_LOOP_ANALYSIS = YES;
				CLANG_WARN_STRICT_PROTOTYPES = YES;
				CLANG_WARN_SUSPICIOUS_MOVE = YES;
				CLANG_WARN_UNGUARDED_AVAILABILITY = YES_AGGRESSIVE;
				CLANG_WARN_UNREACHABLE_CODE = YES;
				CLANG_WARN__DUPLICATE_METHOD_MATCH = YES;
				COPY_PHASE_STRIP = NO;
				DEBUG_INFORMATION_FORMAT = "dwarf-with-dsym";
				ENABLE_NS_ASSERTIONS = NO;
				ENABLE_STRICT_OBJC_MSGSEND = YES;
				ENABLE_USER_SCRIPT_SANDBOXING = YES;
				GCC_C_LANGUAGE_STANDARD = gnu17;
				GCC_NO_COMMON_BLOCKS = YES;
				GCC_WARN_64_TO_32_BIT_CONVERSION = YES;
				GCC_WARN_ABOUT_RETURN_TYPE = YES_ERROR;
				GCC_WARN_UNDECLARED_SELECTOR = YES;
				GCC_WARN_UNINITIALIZED_AUTOS = YES_AGGRESSIVE;
				GCC_WARN_UNUSED_FUNCTION = YES;
				GCC_WARN_UNUSED_VARIABLE = YES;
				IPHONEOS_DEPLOYMENT_TARGET = 18.2;
				LOCALIZATION_PREFERS_STRING_CATALOGS = YES;
				MTL_ENABLE_DEBUG_INFO = NO;
				MTL_FAST_MATH = YES;
				SDKROOT = iphoneos;
				SWIFT_COMPILATION_MODE = wholemodule;
				SWIFT_EMIT_LOC_STRINGS = YES;
				VALIDATE_PRODUCT = YES;
			};
			name = Release;
		};
		0EA83D972EC2EC5B00672A31 /* Debug */ = {
			isa = XCBuildConfiguration;
			buildSettings = {
				ASSETCATALOG_COMPILER_APPICON_NAME = AppIcon;
				ASSETCATALOG_COMPILER_GLOBAL_ACCENT_COLOR_NAME = AccentColor;
				CODE_SIGN_STYLE = Automatic;
				CURRENT_PROJECT_VERSION = 1;
				DEVELOPMENT_ASSET_PATHS = "\"StudentsToDo/Preview Content\"";
				DEVELOPMENT_TEAM = 4W498U9PZP;
				ENABLE_PREVIEWS = YES;
				GENERATE_INFOPLIST_FILE = YES;
				INFOPLIST_KEY_UIApplicationSceneManifest_Generation = YES;
				INFOPLIST_KEY_UIApplicationSupportsIndirectInputEvents = YES;
				INFOPLIST_KEY_UILaunchScreen_Generation = YES;
				INFOPLIST_KEY_UISupportedInterfaceOrientations_iPad = "UIInterfaceOrientationPortrait UIInterfaceOrientationPortraitUpsideDown UIInterfaceOrientationLandscapeLeft UIInterfaceOrientationLandscapeRight";
				INFOPLIST_KEY_UISupportedInterfaceOrientations_iPhone = "UIInterfaceOrientationPortrait UIInterfaceOrientationLandscapeLeft UIInterfaceOrientationLandscapeRight";
				LD_RUNPATH_SEARCH_PATHS = (
					"$(inherited)",
					"@executable_path/Frameworks",
				);
				MARKETING_VERSION = 1.0;
				PRODUCT_BUNDLE_IDENTIFIER = GSA.StudentsToDo;
				PRODUCT_NAME = "$(TARGET_NAME)";
				SWIFT_EMIT_LOC_STRINGS = YES;
				SWIFT_VERSION = 5.0;
				TARGETED_DEVICE_FAMILY = "1,2";
			};
			name = Debug;
		};
		0EA83D982EC2EC5B00672A31 /* Release */ = {
			isa = XCBuildConfiguration;
			buildSettings = {
				ASSETCATALOG_COMPILER_APPICON_NAME = AppIcon;
				ASSETCATALOG_COMPILER_GLOBAL_ACCENT_COLOR_NAME = AccentColor;
				CODE_SIGN_STYLE = Automatic;
				CURRENT_PROJECT_VERSION = 1;
				DEVELOPMENT_ASSET_PATHS = "\"StudentsToDo/Preview Content\"";
				DEVELOPMENT_TEAM = 4W498U9PZP;
				ENABLE_PREVIEWS = YES;
				GENERATE_INFOPLIST_FILE = YES;
				INFOPLIST_KEY_UIApplicationSceneManifest_Generation = YES;
				INFOPLIST_KEY_UIApplicationSupportsIndirectInputEvents = YES;
				INFOPLIST_KEY_UILaunchScreen_Generation = YES;
				INFOPLIST_KEY_UISupportedInterfaceOrientations_iPad = "UIInterfaceOrientationPortrait UIInterfaceOrientationPortraitUpsideDown UIInterfaceOrientationLandscapeLeft UIInterfaceOrientationLandscapeRight";
				INFOPLIST_KEY_UISupportedInterfaceOrientations_iPhone = "UIInterfaceOrientationPortrait UIInterfaceOrientationLandscapeLeft UIInterfaceOrientationLandscapeRight";
				LD_RUNPATH_SEARCH_PATHS = (
					"$(inherited)",
					"@executable_path/Frameworks",
				);
				MARKETING_VERSION = 1.0;
				PRODUCT_BUNDLE_IDENTIFIER = GSA.StudentsToDo;
				PRODUCT_NAME = "$(TARGET_NAME)";
				SWIFT_EMIT_LOC_STRINGS = YES;
				SWIFT_VERSION = 5.0;
				TARGETED_DEVICE_FAMILY = "1,2";
			};
			name = Release;
		};
		0EA83D9A2EC2EC5B00672A31 /* Debug */ = {
			isa = XCBuildConfiguration;
			buildSettings = {
				BUNDLE_LOADER = "$(TEST_HOST)";
				CODE_SIGN_STYLE = Automatic;
				CURRENT_PROJECT_VERSION = 1;
				DEVELOPMENT_TEAM = 4W498U9PZP;
				GENERATE_INFOPLIST_FILE = YES;
				IPHONEOS_DEPLOYMENT_TARGET = 18.2;
				MARKETING_VERSION = 1.0;
				PRODUCT_BUNDLE_IDENTIFIER = GSA.StudentsToDoTests;
				PRODUCT_NAME = "$(TARGET_NAME)";
				SWIFT_EMIT_LOC_STRINGS = NO;
				SWIFT_VERSION = 5.0;
				TARGETED_DEVICE_FAMILY = "1,2";
				TEST_HOST = "$(BUILT_PRODUCTS_DIR)/StudentsToDo.app/$(BUNDLE_EXECUTABLE_FOLDER_PATH)/StudentsToDo";
			};
			name = Debug;
		};
		0EA83D9B2EC2EC5B00672A31 /* Release */ = {
			isa = XCBuildConfiguration;
			buildSettings = {
				BUNDLE_LOADER = "$(TEST_HOST)";
				CODE_SIGN_STYLE = Automatic;
				CURRENT_PROJECT_VERSION = 1;
				DEVELOPMENT_TEAM = 4W498U9PZP;
				GENERATE_INFOPLIST_FILE = YES;
				IPHONEOS_DEPLOYMENT_TARGET = 18.2;
				MARKETING_VERSION = 1.0;
				PRODUCT_BUNDLE_IDENTIFIER = GSA.StudentsToDoTests;
				PRODUCT_NAME = "$(TARGET_NAME)";
				SWIFT_EMIT_LOC_STRINGS = NO;
				SWIFT_VERSION = 5.0;
				TARGETED_DEVICE_FAMILY = "1,2";
				TEST_HOST = "$(BUILT_PRODUCTS_DIR)/StudentsToDo.app/$(BUNDLE_EXECUTABLE_FOLDER_PATH)/StudentsToDo";
			};
			name = Release;
		};
		0EA83D9D2EC2EC5B00672A31 /* Debug */ = {
			isa = XCBuildConfiguration;
			buildSettings = {
				CODE_SIGN_STYLE = Automatic;
				CURRENT_PROJECT_VERSION = 1;
				DEVELOPMENT_TEAM = 4W498U9PZP;
				GENERATE_INFOPLIST_FILE = YES;
				MARKETING_VERSION = 1.0;
				PRODUCT_BUNDLE_IDENTIFIER = GSA.StudentsToDoUITests;
				PRODUCT_NAME = "$(TARGET_NAME)";
				SWIFT_EMIT_LOC_STRINGS = NO;
				SWIFT_VERSION = 5.0;
				TARGETED_DEVICE_FAMILY = "1,2";
				TEST_TARGET_NAME = StudentsToDo;
			};
			name = Debug;
		};
		0EA83D9E2EC2EC5B00672A31 /* Release */ = {
			isa = XCBuildConfiguration;
			buildSettings = {
				CODE_SIGN_STYLE = Automatic;
				CURRENT_PROJECT_VERSION = 1;
				DEVELOPMENT_TEAM = 4W498U9PZP;
				GENERATE_INFOPLIST_FILE = YES;
				MARKETING_VERSION = 1.0;
				PRODUCT_BUNDLE_IDENTIFIER = GSA.StudentsToDoUITests;
				PRODUCT_NAME = "$(TARGET_NAME)";
				SWIFT_EMIT_LOC_STRINGS = NO;
				SWIFT_VERSION = 5.0;
				TARGETED_DEVICE_FAMILY = "1,2";
				TEST_TARGET_NAME = StudentsToDo;
			};
			name = Release;
		};
/* End XCBuildConfiguration section */

/* Begin XCConfigurationList section */
		0EA83D6D2EC2EC5A00672A31 /* Build configuration list for PBXProject "StudentsToDo" */ = {
			isa = XCConfigurationList;
			buildConfigurations = (
				0EA83D942EC2EC5B00672A31 /* Debug */,
				0EA83D952EC2EC5B00672A31 /* Release */,
			);
			defaultConfigurationIsVisible = 0;
			defaultConfigurationName = Release;
		};
		0EA83D962EC2EC5B00672A31 /* Build configuration list for PBXNativeTarget "StudentsToDo" */ = {
			isa = XCConfigurationList;
			buildConfigurations = (
				0EA83D972EC2EC5B00672A31 /* Debug */,
				0EA83D982EC2EC5B00672A31 /* Release */,
			);
			defaultConfigurationIsVisible = 0;
			defaultConfigurationName = Release;
		};
		0EA83D992EC2EC5B00672A31 /* Build configuration list for PBXNativeTarget "StudentsToDoTests" */ = {
			isa = XCConfigurationList;
			buildConfigurations = (
				0EA83D9A2EC2EC5B00672A31 /* Debug */,
				0EA83D9B2EC2EC5B00672A31 /* Release */,
			);
			defaultConfigurationIsVisible = 0;
			defaultConfigurationName = Release;
		};
		0EA83D9C2EC2EC5B00672A31 /* Build configuration list for PBXNativeTarget "StudentsToDoUITests" */ = {
			isa = XCConfigurationList;
			buildConfigurations = (
				0EA83D9D2EC2EC5B00672A31 /* Debug */,
				0EA83D9E2EC2EC5B00672A31 /* Release */,
			);
			defaultConfigurationIsVisible = 0;
			defaultConfigurationName = Release;
		};
/* End XCConfigurationList section */
	};
	rootObject = 0EA83D6A2EC2EC5A00672A31 /* Project object */;
}
